// !$*UTF8*$!
{
	archiveVersion = 1;
	classes = {
	};
	objectVersion = 52;
	objects = {

/* Begin PBXBuildFile section */
		ED1EFADA25D8BDA50082E8D9 /* AppDelegate.swift in Sources */ = {isa = PBXBuildFile; fileRef = ED1EFAD925D8BDA50082E8D9 /* AppDelegate.swift */; };
		ED1EFADC25D8BDA50082E8D9 /* SceneDelegate.swift in Sources */ = {isa = PBXBuildFile; fileRef = ED1EFADB25D8BDA50082E8D9 /* SceneDelegate.swift */; };
		ED1EFAE125D8BDA50082E8D9 /* Main.storyboard in Resources */ = {isa = PBXBuildFile; fileRef = ED1EFADF25D8BDA50082E8D9 /* Main.storyboard */; };
		ED1EFAE425D8BDA50082E8D9 /* Jornada.xcdatamodeld in Sources */ = {isa = PBXBuildFile; fileRef = ED1EFAE225D8BDA50082E8D9 /* Jornada.xcdatamodeld */; };
		ED1EFAE625D8BDA60082E8D9 /* Assets.xcassets in Resources */ = {isa = PBXBuildFile; fileRef = ED1EFAE525D8BDA60082E8D9 /* Assets.xcassets */; };
		ED1EFAE925D8BDA60082E8D9 /* LaunchScreen.storyboard in Resources */ = {isa = PBXBuildFile; fileRef = ED1EFAE725D8BDA60082E8D9 /* LaunchScreen.storyboard */; };
		EDABD16A25DAF723004F4A2F /* RxSwift in Frameworks */ = {isa = PBXBuildFile; productRef = EDABD16925DAF723004F4A2F /* RxSwift */; };
		EDABD16E25DAF723004F4A2F /* RxRelay in Frameworks */ = {isa = PBXBuildFile; productRef = EDABD16D25DAF723004F4A2F /* RxRelay */; };
		EDABD17025DAF723004F4A2F /* RxCocoa in Frameworks */ = {isa = PBXBuildFile; productRef = EDABD16F25DAF723004F4A2F /* RxCocoa */; };
		EDABD17225DAF723004F4A2F /* RxBlocking in Frameworks */ = {isa = PBXBuildFile; productRef = EDABD17125DAF723004F4A2F /* RxBlocking */; };
		EDABD17625DAF8BF004F4A2F /* JornadaEntry.swift in Sources */ = {isa = PBXBuildFile; fileRef = EDABD17525DAF8BF004F4A2F /* JornadaEntry.swift */; };
		EDABD17925DAFA81004F4A2F /* JornadaEntryTableViewCell.swift in Sources */ = {isa = PBXBuildFile; fileRef = EDABD17825DAFA81004F4A2F /* JornadaEntryTableViewCell.swift */; };
/* End PBXBuildFile section */

/* Begin PBXFileReference section */
		ED1EFAD625D8BDA50082E8D9 /* Jornada.app */ = {isa = PBXFileReference; explicitFileType = wrapper.application; includeInIndex = 0; path = Jornada.app; sourceTree = BUILT_PRODUCTS_DIR; };
		ED1EFAD925D8BDA50082E8D9 /* AppDelegate.swift */ = {isa = PBXFileReference; lastKnownFileType = sourcecode.swift; path = AppDelegate.swift; sourceTree = "<group>"; };
		ED1EFADB25D8BDA50082E8D9 /* SceneDelegate.swift */ = {isa = PBXFileReference; lastKnownFileType = sourcecode.swift; path = SceneDelegate.swift; sourceTree = "<group>"; };
		ED1EFAE025D8BDA50082E8D9 /* Base */ = {isa = PBXFileReference; lastKnownFileType = file.storyboard; name = Base; path = Base.lproj/Main.storyboard; sourceTree = "<group>"; };
		ED1EFAE325D8BDA50082E8D9 /* Jornada.xcdatamodel */ = {isa = PBXFileReference; lastKnownFileType = wrapper.xcdatamodel; path = Jornada.xcdatamodel; sourceTree = "<group>"; };
		ED1EFAE525D8BDA60082E8D9 /* Assets.xcassets */ = {isa = PBXFileReference; lastKnownFileType = folder.assetcatalog; path = Assets.xcassets; sourceTree = "<group>"; };
		ED1EFAE825D8BDA60082E8D9 /* Base */ = {isa = PBXFileReference; lastKnownFileType = file.storyboard; name = Base; path = Base.lproj/LaunchScreen.storyboard; sourceTree = "<group>"; };
		ED1EFAEA25D8BDA60082E8D9 /* Info.plist */ = {isa = PBXFileReference; lastKnownFileType = text.plist.xml; path = Info.plist; sourceTree = "<group>"; };
		EDABD17525DAF8BF004F4A2F /* JornadaEntry.swift */ = {isa = PBXFileReference; lastKnownFileType = sourcecode.swift; path = JornadaEntry.swift; sourceTree = "<group>"; };
		EDABD17825DAFA81004F4A2F /* JornadaEntryTableViewCell.swift */ = {isa = PBXFileReference; lastKnownFileType = sourcecode.swift; path = JornadaEntryTableViewCell.swift; sourceTree = "<group>"; };
/* End PBXFileReference section */

/* Begin PBXFrameworksBuildPhase section */
		ED1EFAD325D8BDA50082E8D9 /* Frameworks */ = {
			isa = PBXFrameworksBuildPhase;
			buildActionMask = 2147483647;
			files = (
				EDABD16E25DAF723004F4A2F /* RxRelay in Frameworks */,
				EDABD17025DAF723004F4A2F /* RxCocoa in Frameworks */,
				EDABD16A25DAF723004F4A2F /* RxSwift in Frameworks */,
				EDABD17225DAF723004F4A2F /* RxBlocking in Frameworks */,
			);
			runOnlyForDeploymentPostprocessing = 0;
		};
/* End PBXFrameworksBuildPhase section */

/* Begin PBXGroup section */
		ED1EFACD25D8BDA50082E8D9 = {
			isa = PBXGroup;
			children = (
				ED1EFAD825D8BDA50082E8D9 /* Jornada */,
				ED1EFAD725D8BDA50082E8D9 /* Products */,
			);
			sourceTree = "<group>";
		};
		ED1EFAD725D8BDA50082E8D9 /* Products */ = {
			isa = PBXGroup;
			children = (
				ED1EFAD625D8BDA50082E8D9 /* Jornada.app */,
			);
			name = Products;
			sourceTree = "<group>";
		};
		ED1EFAD825D8BDA50082E8D9 /* Jornada */ = {
			isa = PBXGroup;
			children = (
				EDABD16425DAF5F6004F4A2F /* Common */,
				EDABD16025DAF5B3004F4A2F /* Login */,
				EDABD15C25DAF440004F4A2F /* Edit Entry */,
				ED1EFAF625D8BE3E0082E8D9 /* Entry List */,
				ED1EFAF425D8BDEF0082E8D9 /* Support Files */,
				ED1EFADF25D8BDA50082E8D9 /* Main.storyboard */,
				ED1EFAE525D8BDA60082E8D9 /* Assets.xcassets */,
				ED1EFAE725D8BDA60082E8D9 /* LaunchScreen.storyboard */,
				ED1EFAEA25D8BDA60082E8D9 /* Info.plist */,
				ED1EFAE225D8BDA50082E8D9 /* Jornada.xcdatamodeld */,
			);
			path = Jornada;
			sourceTree = "<group>";
		};
		ED1EFAF125D8BDC00082E8D9 /* View */ = {
			isa = PBXGroup;
			children = (
			);
			path = View;
			sourceTree = "<group>";
		};
		ED1EFAF225D8BDCC0082E8D9 /* Model */ = {
			isa = PBXGroup;
			children = (
			);
			path = Model;
			sourceTree = "<group>";
		};
		ED1EFAF325D8BDD30082E8D9 /* ViewModel */ = {
			isa = PBXGroup;
			children = (
			);
			path = ViewModel;
			sourceTree = "<group>";
		};
		ED1EFAF425D8BDEF0082E8D9 /* Support Files */ = {
			isa = PBXGroup;
			children = (
				ED1EFAD925D8BDA50082E8D9 /* AppDelegate.swift */,
				ED1EFADB25D8BDA50082E8D9 /* SceneDelegate.swift */,
			);
			path = "Support Files";
			sourceTree = "<group>";
		};
		ED1EFAF625D8BE3E0082E8D9 /* Entry List */ = {
			isa = PBXGroup;
			children = (
				ED1EFAF225D8BDCC0082E8D9 /* Model */,
				ED1EFAF125D8BDC00082E8D9 /* View */,
				ED1EFAF325D8BDD30082E8D9 /* ViewModel */,
			);
			path = "Entry List";
			sourceTree = "<group>";
		};
		EDABD15C25DAF440004F4A2F /* Edit Entry */ = {
			isa = PBXGroup;
			children = (
				EDABD15F25DAF481004F4A2F /* Model */,
				EDABD15E25DAF474004F4A2F /* View */,
				EDABD15D25DAF46A004F4A2F /* ViewModel */,
			);
			path = "Edit Entry";
			sourceTree = "<group>";
		};
		EDABD15D25DAF46A004F4A2F /* ViewModel */ = {
			isa = PBXGroup;
			children = (
			);
			path = ViewModel;
			sourceTree = "<group>";
		};
		EDABD15E25DAF474004F4A2F /* View */ = {
			isa = PBXGroup;
			children = (
			);
			path = View;
			sourceTree = "<group>";
		};
		EDABD15F25DAF481004F4A2F /* Model */ = {
			isa = PBXGroup;
			children = (
			);
			path = Model;
			sourceTree = "<group>";
		};
		EDABD16025DAF5B3004F4A2F /* Login */ = {
			isa = PBXGroup;
			children = (
				EDABD16325DAF5D1004F4A2F /* Model */,
				EDABD16225DAF5CC004F4A2F /* View */,
				EDABD16125DAF5C3004F4A2F /* ViewModel */,
			);
			path = Login;
			sourceTree = "<group>";
		};
		EDABD16125DAF5C3004F4A2F /* ViewModel */ = {
			isa = PBXGroup;
			children = (
			);
			path = ViewModel;
			sourceTree = "<group>";
		};
		EDABD16225DAF5CC004F4A2F /* View */ = {
			isa = PBXGroup;
			children = (
			);
			path = View;
			sourceTree = "<group>";
		};
		EDABD16325DAF5D1004F4A2F /* Model */ = {
			isa = PBXGroup;
			children = (
			);
			path = Model;
			sourceTree = "<group>";
		};
		EDABD16425DAF5F6004F4A2F /* Common */ = {
			isa = PBXGroup;
			children = (
				EDABD16725DAF608004F4A2F /* Models */,
				EDABD16625DAF603004F4A2F /* Views */,
			);
			path = Common;
			sourceTree = "<group>";
		};
		EDABD16625DAF603004F4A2F /* Views */ = {
			isa = PBXGroup;
			children = (
				EDABD17825DAFA81004F4A2F /* JornadaEntryTableViewCell.swift */,
			);
			path = Views;
			sourceTree = "<group>";
		};
		EDABD16725DAF608004F4A2F /* Models */ = {
			isa = PBXGroup;
			children = (
				EDABD17525DAF8BF004F4A2F /* JornadaEntry.swift */,
			);
			path = Models;
			sourceTree = "<group>";
		};
/* End PBXGroup section */

/* Begin PBXNativeTarget section */
		ED1EFAD525D8BDA50082E8D9 /* Jornada */ = {
			isa = PBXNativeTarget;
			buildConfigurationList = ED1EFAED25D8BDA60082E8D9 /* Build configuration list for PBXNativeTarget "Jornada" */;
			buildPhases = (
				ED1EFAD225D8BDA50082E8D9 /* Sources */,
				ED1EFAD325D8BDA50082E8D9 /* Frameworks */,
				ED1EFAD425D8BDA50082E8D9 /* Resources */,
			);
			buildRules = (
			);
			dependencies = (
			);
			name = Jornada;
			packageProductDependencies = (
				EDABD16925DAF723004F4A2F /* RxSwift */,
				EDABD16D25DAF723004F4A2F /* RxRelay */,
				EDABD16F25DAF723004F4A2F /* RxCocoa */,
				EDABD17125DAF723004F4A2F /* RxBlocking */,
			);
			productName = Jornada;
			productReference = ED1EFAD625D8BDA50082E8D9 /* Jornada.app */;
			productType = "com.apple.product-type.application";
		};
/* End PBXNativeTarget section */

/* Begin PBXProject section */
		ED1EFACE25D8BDA50082E8D9 /* Project object */ = {
			isa = PBXProject;
			attributes = {
				LastSwiftUpdateCheck = 1240;
				LastUpgradeCheck = 1240;
				TargetAttributes = {
					ED1EFAD525D8BDA50082E8D9 = {
						CreatedOnToolsVersion = 12.4;
					};
				};
			};
			buildConfigurationList = ED1EFAD125D8BDA50082E8D9 /* Build configuration list for PBXProject "Jornada" */;
			compatibilityVersion = "Xcode 9.3";
			developmentRegion = en;
			hasScannedForEncodings = 0;
			knownRegions = (
				en,
				Base,
			);
			mainGroup = ED1EFACD25D8BDA50082E8D9;
			packageReferences = (
				EDABD16825DAF723004F4A2F /* XCRemoteSwiftPackageReference "RxSwift" */,
			);
			productRefGroup = ED1EFAD725D8BDA50082E8D9 /* Products */;
			projectDirPath = "";
			projectRoot = "";
			targets = (
				ED1EFAD525D8BDA50082E8D9 /* Jornada */,
			);
		};
/* End PBXProject section */

/* Begin PBXResourcesBuildPhase section */
		ED1EFAD425D8BDA50082E8D9 /* Resources */ = {
			isa = PBXResourcesBuildPhase;
			buildActionMask = 2147483647;
			files = (
				ED1EFAE925D8BDA60082E8D9 /* LaunchScreen.storyboard in Resources */,
				ED1EFAE625D8BDA60082E8D9 /* Assets.xcassets in Resources */,
				ED1EFAE125D8BDA50082E8D9 /* Main.storyboard in Resources */,
			);
			runOnlyForDeploymentPostprocessing = 0;
		};
/* End PBXResourcesBuildPhase section */

/* Begin PBXSourcesBuildPhase section */
		ED1EFAD225D8BDA50082E8D9 /* Sources */ = {
			isa = PBXSourcesBuildPhase;
			buildActionMask = 2147483647;
			files = (
				ED1EFADA25D8BDA50082E8D9 /* AppDelegate.swift in Sources */,
				EDABD17925DAFA81004F4A2F /* JornadaEntryTableViewCell.swift in Sources */,
				ED1EFADC25D8BDA50082E8D9 /* SceneDelegate.swift in Sources */,
				EDABD17625DAF8BF004F4A2F /* JornadaEntry.swift in Sources */,
				ED1EFAE425D8BDA50082E8D9 /* Jornada.xcdatamodeld in Sources */,
			);
			runOnlyForDeploymentPostprocessing = 0;
		};
/* End PBXSourcesBuildPhase section */

/* Begin PBXVariantGroup section */
		ED1EFADF25D8BDA50082E8D9 /* Main.storyboard */ = {
			isa = PBXVariantGroup;
			children = (
				ED1EFAE025D8BDA50082E8D9 /* Base */,
			);
			name = Main.storyboard;
			sourceTree = "<group>";
		};
		ED1EFAE725D8BDA60082E8D9 /* LaunchScreen.storyboard */ = {
			isa = PBXVariantGroup;
			children = (
				ED1EFAE825D8BDA60082E8D9 /* Base */,
			);
			name = LaunchScreen.storyboard;
			sourceTree = "<group>";
		};
/* End PBXVariantGroup section */

/* Begin XCBuildConfiguration section */
		ED1EFAEB25D8BDA60082E8D9 /* Debug */ = {
			isa = XCBuildConfiguration;
			buildSettings = {
				ALWAYS_SEARCH_USER_PATHS = NO;
				CLANG_ANALYZER_NONNULL = YES;
				CLANG_ANALYZER_NUMBER_OBJECT_CONVERSION = YES_AGGRESSIVE;
				CLANG_CXX_LANGUAGE_STANDARD = "gnu++14";
				CLANG_CXX_LIBRARY = "libc++";
				CLANG_ENABLE_MODULES = YES;
				CLANG_ENABLE_OBJC_ARC = YES;
				CLANG_ENABLE_OBJC_WEAK = YES;
				CLANG_WARN_BLOCK_CAPTURE_AUTORELEASING = YES;
				CLANG_WARN_BOOL_CONVERSION = YES;
				CLANG_WARN_COMMA = YES;
				CLANG_WARN_CONSTANT_CONVERSION = YES;
				CLANG_WARN_DEPRECATED_OBJC_IMPLEMENTATIONS = YES;
				CLANG_WARN_DIRECT_OBJC_ISA_USAGE = YES_ERROR;
				CLANG_WARN_DOCUMENTATION_COMMENTS = YES;
				CLANG_WARN_EMPTY_BODY = YES;
				CLANG_WARN_ENUM_CONVERSION = YES;
				CLANG_WARN_INFINITE_RECURSION = YES;
				CLANG_WARN_INT_CONVERSION = YES;
				CLANG_WARN_NON_LITERAL_NULL_CONVERSION = YES;
				CLANG_WARN_OBJC_IMPLICIT_RETAIN_SELF = YES;
				CLANG_WARN_OBJC_LITERAL_CONVERSION = YES;
				CLANG_WARN_OBJC_ROOT_CLASS = YES_ERROR;
				CLANG_WARN_QUOTED_INCLUDE_IN_FRAMEWORK_HEADER = YES;
				CLANG_WARN_RANGE_LOOP_ANALYSIS = YES;
				CLANG_WARN_STRICT_PROTOTYPES = YES;
				CLANG_WARN_SUSPICIOUS_MOVE = YES;
				CLANG_WARN_UNGUARDED_AVAILABILITY = YES_AGGRESSIVE;
				CLANG_WARN_UNREACHABLE_CODE = YES;
				CLANG_WARN__DUPLICATE_METHOD_MATCH = YES;
				COPY_PHASE_STRIP = NO;
				DEBUG_INFORMATION_FORMAT = dwarf;
				ENABLE_STRICT_OBJC_MSGSEND = YES;
				ENABLE_TESTABILITY = YES;
				GCC_C_LANGUAGE_STANDARD = gnu11;
				GCC_DYNAMIC_NO_PIC = NO;
				GCC_NO_COMMON_BLOCKS = YES;
				GCC_OPTIMIZATION_LEVEL = 0;
				GCC_PREPROCESSOR_DEFINITIONS = (
					"DEBUG=1",
					"$(inherited)",
				);
				GCC_WARN_64_TO_32_BIT_CONVERSION = YES;
				GCC_WARN_ABOUT_RETURN_TYPE = YES_ERROR;
				GCC_WARN_UNDECLARED_SELECTOR = YES;
				GCC_WARN_UNINITIALIZED_AUTOS = YES_AGGRESSIVE;
				GCC_WARN_UNUSED_FUNCTION = YES;
				GCC_WARN_UNUSED_VARIABLE = YES;
				IPHONEOS_DEPLOYMENT_TARGET = 14.4;
				MTL_ENABLE_DEBUG_INFO = INCLUDE_SOURCE;
				MTL_FAST_MATH = YES;
				ONLY_ACTIVE_ARCH = YES;
				SDKROOT = iphoneos;
				SWIFT_ACTIVE_COMPILATION_CONDITIONS = DEBUG;
				SWIFT_OPTIMIZATION_LEVEL = "-Onone";
			};
			name = Debug;
		};
		ED1EFAEC25D8BDA60082E8D9 /* Release */ = {
			isa = XCBuildConfiguration;
			buildSettings = {
				ALWAYS_SEARCH_USER_PATHS = NO;
				CLANG_ANALYZER_NONNULL = YES;
				CLANG_ANALYZER_NUMBER_OBJECT_CONVERSION = YES_AGGRESSIVE;
				CLANG_CXX_LANGUAGE_STANDARD = "gnu++14";
				CLANG_CXX_LIBRARY = "libc++";
				CLANG_ENABLE_MODULES = YES;
				CLANG_ENABLE_OBJC_ARC = YES;
				CLANG_ENABLE_OBJC_WEAK = YES;
				CLANG_WARN_BLOCK_CAPTURE_AUTORELEASING = YES;
				CLANG_WARN_BOOL_CONVERSION = YES;
				CLANG_WARN_COMMA = YES;
				CLANG_WARN_CONSTANT_CONVERSION = YES;
				CLANG_WARN_DEPRECATED_OBJC_IMPLEMENTATIONS = YES;
				CLANG_WARN_DIRECT_OBJC_ISA_USAGE = YES_ERROR;
				CLANG_WARN_DOCUMENTATION_COMMENTS = YES;
				CLANG_WARN_EMPTY_BODY = YES;
				CLANG_WARN_ENUM_CONVERSION = YES;
				CLANG_WARN_INFINITE_RECURSION = YES;
				CLANG_WARN_INT_CONVERSION = YES;
				CLANG_WARN_NON_LITERAL_NULL_CONVERSION = YES;
				CLANG_WARN_OBJC_IMPLICIT_RETAIN_SELF = YES;
				CLANG_WARN_OBJC_LITERAL_CONVERSION = YES;
				CLANG_WARN_OBJC_ROOT_CLASS = YES_ERROR;
				CLANG_WARN_QUOTED_INCLUDE_IN_FRAMEWORK_HEADER = YES;
				CLANG_WARN_RANGE_LOOP_ANALYSIS = YES;
				CLANG_WARN_STRICT_PROTOTYPES = YES;
				CLANG_WARN_SUSPICIOUS_MOVE = YES;
				CLANG_WARN_UNGUARDED_AVAILABILITY = YES_AGGRESSIVE;
				CLANG_WARN_UNREACHABLE_CODE = YES;
				CLANG_WARN__DUPLICATE_METHOD_MATCH = YES;
				COPY_PHASE_STRIP = NO;
				DEBUG_INFORMATION_FORMAT = "dwarf-with-dsym";
				ENABLE_NS_ASSERTIONS = NO;
				ENABLE_STRICT_OBJC_MSGSEND = YES;
				GCC_C_LANGUAGE_STANDARD = gnu11;
				GCC_NO_COMMON_BLOCKS = YES;
				GCC_WARN_64_TO_32_BIT_CONVERSION = YES;
				GCC_WARN_ABOUT_RETURN_TYPE = YES_ERROR;
				GCC_WARN_UNDECLARED_SELECTOR = YES;
				GCC_WARN_UNINITIALIZED_AUTOS = YES_AGGRESSIVE;
				GCC_WARN_UNUSED_FUNCTION = YES;
				GCC_WARN_UNUSED_VARIABLE = YES;
				IPHONEOS_DEPLOYMENT_TARGET = 14.4;
				MTL_ENABLE_DEBUG_INFO = NO;
				MTL_FAST_MATH = YES;
				SDKROOT = iphoneos;
				SWIFT_COMPILATION_MODE = wholemodule;
				SWIFT_OPTIMIZATION_LEVEL = "-O";
				VALIDATE_PRODUCT = YES;
			};
			name = Release;
		};
		ED1EFAEE25D8BDA60082E8D9 /* Debug */ = {
			isa = XCBuildConfiguration;
			buildSettings = {
				ASSETCATALOG_COMPILER_APPICON_NAME = AppIcon;
				ASSETCATALOG_COMPILER_GLOBAL_ACCENT_COLOR_NAME = AccentColor;
				CODE_SIGN_STYLE = Automatic;
				DEVELOPMENT_TEAM = H477N5N5KH;
				INFOPLIST_FILE = Jornada/Info.plist;
				LD_RUNPATH_SEARCH_PATHS = (
					"$(inherited)",
					"@executable_path/Frameworks",
				);
				PRODUCT_BUNDLE_IDENTIFIER = com.rooksoto.Jornada;
				PRODUCT_NAME = "$(TARGET_NAME)";
				SWIFT_VERSION = 5.0;
				TARGETED_DEVICE_FAMILY = "1,2";
			};
			name = Debug;
		};
		ED1EFAEF25D8BDA60082E8D9 /* Release */ = {
			isa = XCBuildConfiguration;
			buildSettings = {
				ASSETCATALOG_COMPILER_APPICON_NAME = AppIcon;
				ASSETCATALOG_COMPILER_GLOBAL_ACCENT_COLOR_NAME = AccentColor;
				CODE_SIGN_STYLE = Automatic;
				DEVELOPMENT_TEAM = H477N5N5KH;
				INFOPLIST_FILE = Jornada/Info.plist;
				LD_RUNPATH_SEARCH_PATHS = (
					"$(inherited)",
					"@executable_path/Frameworks",
				);
				PRODUCT_BUNDLE_IDENTIFIER = com.rooksoto.Jornada;
				PRODUCT_NAME = "$(TARGET_NAME)";
				SWIFT_VERSION = 5.0;
				TARGETED_DEVICE_FAMILY = "1,2";
			};
			name = Release;
		};
/* End XCBuildConfiguration section */

/* Begin XCConfigurationList section */
		ED1EFAD125D8BDA50082E8D9 /* Build configuration list for PBXProject "Jornada" */ = {
			isa = XCConfigurationList;
			buildConfigurations = (
				ED1EFAEB25D8BDA60082E8D9 /* Debug */,
				ED1EFAEC25D8BDA60082E8D9 /* Release */,
			);
			defaultConfigurationIsVisible = 0;
			defaultConfigurationName = Release;
		};
		ED1EFAED25D8BDA60082E8D9 /* Build configuration list for PBXNativeTarget "Jornada" */ = {
			isa = XCConfigurationList;
			buildConfigurations = (
				ED1EFAEE25D8BDA60082E8D9 /* Debug */,
				ED1EFAEF25D8BDA60082E8D9 /* Release */,
			);
			defaultConfigurationIsVisible = 0;
			defaultConfigurationName = Release;
		};
/* End XCConfigurationList section */

/* Begin XCRemoteSwiftPackageReference section */
		EDABD16825DAF723004F4A2F /* XCRemoteSwiftPackageReference "RxSwift" */ = {
			isa = XCRemoteSwiftPackageReference;
			repositoryURL = "https://github.com/ReactiveX/RxSwift";
			requirement = {
				kind = upToNextMajorVersion;
				minimumVersion = 6.1.0;
			};
		};
/* End XCRemoteSwiftPackageReference section */

/* Begin XCSwiftPackageProductDependency section */
		EDABD16925DAF723004F4A2F /* RxSwift */ = {
			isa = XCSwiftPackageProductDependency;
			package = EDABD16825DAF723004F4A2F /* XCRemoteSwiftPackageReference "RxSwift" */;
			productName = RxSwift;
		};
		EDABD16D25DAF723004F4A2F /* RxRelay */ = {
			isa = XCSwiftPackageProductDependency;
			package = EDABD16825DAF723004F4A2F /* XCRemoteSwiftPackageReference "RxSwift" */;
			productName = RxRelay;
		};
		EDABD16F25DAF723004F4A2F /* RxCocoa */ = {
			isa = XCSwiftPackageProductDependency;
			package = EDABD16825DAF723004F4A2F /* XCRemoteSwiftPackageReference "RxSwift" */;
			productName = RxCocoa;
		};
		EDABD17125DAF723004F4A2F /* RxBlocking */ = {
			isa = XCSwiftPackageProductDependency;
			package = EDABD16825DAF723004F4A2F /* XCRemoteSwiftPackageReference "RxSwift" */;
			productName = RxBlocking;
		};
/* End XCSwiftPackageProductDependency section */

/* Begin XCVersionGroup section */
		ED1EFAE225D8BDA50082E8D9 /* Jornada.xcdatamodeld */ = {
			isa = XCVersionGroup;
			children = (
				ED1EFAE325D8BDA50082E8D9 /* Jornada.xcdatamodel */,
			);
			currentVersion = ED1EFAE325D8BDA50082E8D9 /* Jornada.xcdatamodel */;
			path = Jornada.xcdatamodeld;
			sourceTree = "<group>";
			versionGroupType = wrapper.xcdatamodel;
		};
/* End XCVersionGroup section */
	};
	rootObject = ED1EFACE25D8BDA50082E8D9 /* Project object */;
}
